
Microsoft Visual Studio Solution File, Format Version 12.00
# Visual Studio Version 17
VisualStudioVersion = 17.0.31912.275
MinimumVisualStudioVersion = 10.0.40219.1
Project("{9A19103F-16F7-4668-BE54-9A1E7A4F7556}") = "ConsoleApp10", "ConsoleApp10\ConsoleApp10.csproj", "{BFB6EE35-5D38-42EB-B73C-EDC302B5939E}"
EndProject
Project("{FAE04EC0-301F-11D3-BF4B-00C04F79EFBC}") = "TestProject1", "TestProject1\TestProject1.csproj", "{6D577F47-1D27-4E87-BF2E-A6E7B2139273}"
EndProject
Global
	GlobalSection(SolutionConfigurationPlatforms) = preSolution
		Debug|Any CPU = Debug|Any CPU
		Release|Any CPU = Release|Any CPU
	EndGlobalSection
	GlobalSection(ProjectConfigurationPlatforms) = postSolution
		{BFB6EE35-5D38-42EB-B73C-EDC302B5939E}.Debug|Any CPU.ActiveCfg = Debug|Any CPU
		{BFB6EE35-5D38-42EB-B73C-EDC302B5939E}.Debug|Any CPU.Build.0 = Debug|Any CPU
		{BFB6EE35-5D38-42EB-B73C-EDC302B5939E}.Release|Any CPU.ActiveCfg = Release|Any CPU
		{BFB6EE35-5D38-42EB-B73C-EDC302B5939E}.Release|Any CPU.Build.0 = Release|Any CPU
		{6D577F47-1D27-4E87-BF2E-A6E7B2139273}.Debug|Any CPU.ActiveCfg = Debug|Any CPU
		{6D577F47-1D27-4E87-BF2E-A6E7B2139273}.Debug|Any CPU.Build.0 = Debug|Any CPU
		{6D577F47-1D27-4E87-BF2E-A6E7B2139273}.Release|Any CPU.ActiveCfg = Release|Any CPU
		{6D577F47-1D27-4E87-BF2E-A6E7B2139273}.Release|Any CPU.Build.0 = Release|Any CPU
	EndGlobalSection
	GlobalSection(SolutionProperties) = preSolution
		HideSolutionNode = FALSE
	EndGlobalSection
	GlobalSection(ExtensibilityGlobals) = postSolution
		SolutionGuid = {01B97E00-F11A-44D5-8B67-A3B88B9F0389}
	EndGlobalSection
EndGlobal
